
Microsoft Visual Studio Solution File, Format Version 12.00
# Visual Studio Version 17
VisualStudioVersion = 17.8.34330.188
MinimumVisualStudioVersion = 10.0.40219.1
Project("{FAE04EC0-301F-11D3-BF4B-00C04F79EFBC}") = "Fighters", "Fighters\Fighters.csproj", "{66C8AA84-21D1-40F0-8F9E-5AA6EC0E820F}"
EndProject
Global
	GlobalSection(SolutionConfigurationPlatforms) = preSolution
		Debug|Any CPU = Debug|Any CPU
		Release|Any CPU = Release|Any CPU
	EndGlobalSection
	GlobalSection(ProjectConfigurationPlatforms) = postSolution
		{66C8AA84-21D1-40F0-8F9E-5AA6EC0E820F}.Debug|Any CPU.ActiveCfg = Debug|Any CPU
		{66C8AA84-21D1-40F0-8F9E-5AA6EC0E820F}.Debug|Any CPU.Build.0 = Debug|Any CPU
		{66C8AA84-21D1-40F0-8F9E-5AA6EC0E820F}.Release|Any CPU.ActiveCfg = Release|Any CPU
		{66C8AA84-21D1-40F0-8F9E-5AA6EC0E820F}.Release|Any CPU.Build.0 = Release|Any CPU
	EndGlobalSection
	GlobalSection(SolutionProperties) = preSolution
		HideSolutionNode = FALSE
	EndGlobalSection
	GlobalSection(ExtensibilityGlobals) = postSolution
		SolutionGuid = {BE99347C-A222-497B-94D5-6D742E956097}
	EndGlobalSection
EndGlobal
